// !$*UTF8*$!
{
	archiveVersion = 1;
	classes = {
	};
	objectVersion = 51;
	objects = {

/* Begin PBXBuildFile section */
		96E96416150EF800494B71A9 /* Pods_homework_24.framework in Frameworks */ = {isa = PBXBuildFile; fileRef = 65C3B60F5250C24D758CEA1D /* Pods_homework_24.framework */; };
		AB558ACD2454CAE00069FB40 /* MainTableViewCell.swift in Sources */ = {isa = PBXBuildFile; fileRef = AB558ACC2454CAE00069FB40 /* MainTableViewCell.swift */; };
		AB558ACF2454CD0F0069FB40 /* ReminderInfo.swift in Sources */ = {isa = PBXBuildFile; fileRef = AB558ACE2454CD0F0069FB40 /* ReminderInfo.swift */; };
		AB558AD12454D1200069FB40 /* UIViewController+Helpers.swift in Sources */ = {isa = PBXBuildFile; fileRef = AB558AD02454D1200069FB40 /* UIViewController+Helpers.swift */; };
		AB7261AC24490DC70063F0BF /* AppDelegate.swift in Sources */ = {isa = PBXBuildFile; fileRef = AB7261AB24490DC70063F0BF /* AppDelegate.swift */; };
		AB7261AE24490DC70063F0BF /* SceneDelegate.swift in Sources */ = {isa = PBXBuildFile; fileRef = AB7261AD24490DC70063F0BF /* SceneDelegate.swift */; };
		AB7261B024490DC70063F0BF /* MainViewController.swift in Sources */ = {isa = PBXBuildFile; fileRef = AB7261AF24490DC70063F0BF /* MainViewController.swift */; };
		AB7261B324490DC70063F0BF /* Main.storyboard in Resources */ = {isa = PBXBuildFile; fileRef = AB7261B124490DC70063F0BF /* Main.storyboard */; };
		AB7261B524490DC80063F0BF /* Assets.xcassets in Resources */ = {isa = PBXBuildFile; fileRef = AB7261B424490DC80063F0BF /* Assets.xcassets */; };
		AB7261B824490DC80063F0BF /* LaunchScreen.storyboard in Resources */ = {isa = PBXBuildFile; fileRef = AB7261B624490DC80063F0BF /* LaunchScreen.storyboard */; };
		AB7F34F9245762D200C07C60 /* InfoViewController.swift in Sources */ = {isa = PBXBuildFile; fileRef = AB7F34F8245762D200C07C60 /* InfoViewController.swift */; };
		AB7F34FB24771D7B00C07C60 /* FirstTableViewCell.swift in Sources */ = {isa = PBXBuildFile; fileRef = AB7F34FA24771D7B00C07C60 /* FirstTableViewCell.swift */; };
		AB7F34FD24771D9F00C07C60 /* SecondTableViewCell.swift in Sources */ = {isa = PBXBuildFile; fileRef = AB7F34FC24771D9F00C07C60 /* SecondTableViewCell.swift */; };
		AB7F34FF24771DBB00C07C60 /* ThirdTableViewCell.swift in Sources */ = {isa = PBXBuildFile; fileRef = AB7F34FE24771DBB00C07C60 /* ThirdTableViewCell.swift */; };
		AB7F350124771DD000C07C60 /* FourthTableViewCell.swift in Sources */ = {isa = PBXBuildFile; fileRef = AB7F350024771DD000C07C60 /* FourthTableViewCell.swift */; };
		AB7F3503247AFFCC00C07C60 /* PriorityDetailViewController.swift in Sources */ = {isa = PBXBuildFile; fileRef = AB7F3502247AFFCC00C07C60 /* PriorityDetailViewController.swift */; };
		AB7F3507247B020400C07C60 /* PriorityDetailTableViewCell.swift in Sources */ = {isa = PBXBuildFile; fileRef = AB7F3506247B020400C07C60 /* PriorityDetailTableViewCell.swift */; };
/* End PBXBuildFile section */

/* Begin PBXFileReference section */
		65C3B60F5250C24D758CEA1D /* Pods_homework_24.framework */ = {isa = PBXFileReference; explicitFileType = wrapper.framework; includeInIndex = 0; path = Pods_homework_24.framework; sourceTree = BUILT_PRODUCTS_DIR; };
		AB558ACC2454CAE00069FB40 /* MainTableViewCell.swift */ = {isa = PBXFileReference; lastKnownFileType = sourcecode.swift; path = MainTableViewCell.swift; sourceTree = "<group>"; };
		AB558ACE2454CD0F0069FB40 /* ReminderInfo.swift */ = {isa = PBXFileReference; lastKnownFileType = sourcecode.swift; path = ReminderInfo.swift; sourceTree = "<group>"; };
		AB558AD02454D1200069FB40 /* UIViewController+Helpers.swift */ = {isa = PBXFileReference; lastKnownFileType = sourcecode.swift; path = "UIViewController+Helpers.swift"; sourceTree = "<group>"; };
		AB7261A824490DC70063F0BF /* Напоминания.app */ = {isa = PBXFileReference; explicitFileType = wrapper.application; includeInIndex = 0; path = "Напоминания.app"; sourceTree = BUILT_PRODUCTS_DIR; };
		AB7261AB24490DC70063F0BF /* AppDelegate.swift */ = {isa = PBXFileReference; lastKnownFileType = sourcecode.swift; path = AppDelegate.swift; sourceTree = "<group>"; };
		AB7261AD24490DC70063F0BF /* SceneDelegate.swift */ = {isa = PBXFileReference; lastKnownFileType = sourcecode.swift; path = SceneDelegate.swift; sourceTree = "<group>"; };
		AB7261AF24490DC70063F0BF /* MainViewController.swift */ = {isa = PBXFileReference; lastKnownFileType = sourcecode.swift; path = MainViewController.swift; sourceTree = "<group>"; };
		AB7261B224490DC70063F0BF /* Base */ = {isa = PBXFileReference; lastKnownFileType = file.storyboard; name = Base; path = Base.lproj/Main.storyboard; sourceTree = "<group>"; };
		AB7261B424490DC80063F0BF /* Assets.xcassets */ = {isa = PBXFileReference; lastKnownFileType = folder.assetcatalog; path = Assets.xcassets; sourceTree = "<group>"; };
		AB7261B724490DC80063F0BF /* Base */ = {isa = PBXFileReference; lastKnownFileType = file.storyboard; name = Base; path = Base.lproj/LaunchScreen.storyboard; sourceTree = "<group>"; };
		AB7261B924490DC80063F0BF /* Info.plist */ = {isa = PBXFileReference; lastKnownFileType = text.plist.xml; path = Info.plist; sourceTree = "<group>"; };
		AB7F34F8245762D200C07C60 /* InfoViewController.swift */ = {isa = PBXFileReference; lastKnownFileType = sourcecode.swift; path = InfoViewController.swift; sourceTree = "<group>"; };
		AB7F34FA24771D7B00C07C60 /* FirstTableViewCell.swift */ = {isa = PBXFileReference; lastKnownFileType = sourcecode.swift; path = FirstTableViewCell.swift; sourceTree = "<group>"; };
		AB7F34FC24771D9F00C07C60 /* SecondTableViewCell.swift */ = {isa = PBXFileReference; lastKnownFileType = sourcecode.swift; path = SecondTableViewCell.swift; sourceTree = "<group>"; };
		AB7F34FE24771DBB00C07C60 /* ThirdTableViewCell.swift */ = {isa = PBXFileReference; lastKnownFileType = sourcecode.swift; path = ThirdTableViewCell.swift; sourceTree = "<group>"; };
		AB7F350024771DD000C07C60 /* FourthTableViewCell.swift */ = {isa = PBXFileReference; lastKnownFileType = sourcecode.swift; path = FourthTableViewCell.swift; sourceTree = "<group>"; };
		AB7F3502247AFFCC00C07C60 /* PriorityDetailViewController.swift */ = {isa = PBXFileReference; lastKnownFileType = sourcecode.swift; path = PriorityDetailViewController.swift; sourceTree = "<group>"; };
		AB7F3506247B020400C07C60 /* PriorityDetailTableViewCell.swift */ = {isa = PBXFileReference; lastKnownFileType = sourcecode.swift; path = PriorityDetailTableViewCell.swift; sourceTree = "<group>"; };
		C687E52A011B17A0507B4D71 /* Pods-homework_24.debug.xcconfig */ = {isa = PBXFileReference; includeInIndex = 1; lastKnownFileType = text.xcconfig; name = "Pods-homework_24.debug.xcconfig"; path = "Target Support Files/Pods-homework_24/Pods-homework_24.debug.xcconfig"; sourceTree = "<group>"; };
		E5C3AB941B7BC6816C23FA2E /* Pods-homework_24.release.xcconfig */ = {isa = PBXFileReference; includeInIndex = 1; lastKnownFileType = text.xcconfig; name = "Pods-homework_24.release.xcconfig"; path = "Target Support Files/Pods-homework_24/Pods-homework_24.release.xcconfig"; sourceTree = "<group>"; };
/* End PBXFileReference section */

/* Begin PBXFrameworksBuildPhase section */
		AB7261A524490DC70063F0BF /* Frameworks */ = {
			isa = PBXFrameworksBuildPhase;
			buildActionMask = 2147483647;
			files = (
				96E96416150EF800494B71A9 /* Pods_homework_24.framework in Frameworks */,
			);
			runOnlyForDeploymentPostprocessing = 0;
		};
/* End PBXFrameworksBuildPhase section */

/* Begin PBXGroup section */
		37ACE82BFDB4645446AD85BA /* Frameworks */ = {
			isa = PBXGroup;
			children = (
				65C3B60F5250C24D758CEA1D /* Pods_homework_24.framework */,
			);
			name = Frameworks;
			sourceTree = "<group>";
		};
		69E20A8A3160633E890A7587 /* Pods */ = {
			isa = PBXGroup;
			children = (
				C687E52A011B17A0507B4D71 /* Pods-homework_24.debug.xcconfig */,
				E5C3AB941B7BC6816C23FA2E /* Pods-homework_24.release.xcconfig */,
			);
			path = Pods;
			sourceTree = "<group>";
		};
		AB72619F24490DC70063F0BF = {
			isa = PBXGroup;
			children = (
				AB7261AA24490DC70063F0BF /* homework_24 */,
				AB7261A924490DC70063F0BF /* Products */,
				69E20A8A3160633E890A7587 /* Pods */,
				37ACE82BFDB4645446AD85BA /* Frameworks */,
			);
			sourceTree = "<group>";
		};
		AB7261A924490DC70063F0BF /* Products */ = {
			isa = PBXGroup;
			children = (
				AB7261A824490DC70063F0BF /* Напоминания.app */,
			);
			name = Products;
			sourceTree = "<group>";
		};
		AB7261AA24490DC70063F0BF /* homework_24 */ = {
			isa = PBXGroup;
			children = (
				AB7261AB24490DC70063F0BF /* AppDelegate.swift */,
				AB7261AD24490DC70063F0BF /* SceneDelegate.swift */,
				AB558AD02454D1200069FB40 /* UIViewController+Helpers.swift */,
				AB7261AF24490DC70063F0BF /* MainViewController.swift */,
				AB7261B124490DC70063F0BF /* Main.storyboard */,
				AB7F3506247B020400C07C60 /* PriorityDetailTableViewCell.swift */,
				AB7F3502247AFFCC00C07C60 /* PriorityDetailViewController.swift */,
				AB7F34F8245762D200C07C60 /* InfoViewController.swift */,
				AB558ACE2454CD0F0069FB40 /* ReminderInfo.swift */,
				AB558ACC2454CAE00069FB40 /* MainTableViewCell.swift */,
				AB7F34FA24771D7B00C07C60 /* FirstTableViewCell.swift */,
				AB7F34FC24771D9F00C07C60 /* SecondTableViewCell.swift */,
				AB7F34FE24771DBB00C07C60 /* ThirdTableViewCell.swift */,
				AB7F350024771DD000C07C60 /* FourthTableViewCell.swift */,
				AB7261B424490DC80063F0BF /* Assets.xcassets */,
				AB7261B624490DC80063F0BF /* LaunchScreen.storyboard */,
				AB7261B924490DC80063F0BF /* Info.plist */,
			);
			path = homework_24;
			sourceTree = "<group>";
		};
/* End PBXGroup section */

/* Begin PBXNativeTarget section */
		AB7261A724490DC70063F0BF /* homework_24 */ = {
			isa = PBXNativeTarget;
			buildConfigurationList = AB7261BC24490DC80063F0BF /* Build configuration list for PBXNativeTarget "homework_24" */;
			buildPhases = (
				1FAA28C65C4952347DD24BA9 /* [CP] Check Pods Manifest.lock */,
				AB7261A424490DC70063F0BF /* Sources */,
				AB7261A524490DC70063F0BF /* Frameworks */,
				AB7261A624490DC70063F0BF /* Resources */,
				EF0D0954D364739BCE580C45 /* [CP] Embed Pods Frameworks */,
			);
			buildRules = (
			);
			dependencies = (
			);
			name = homework_24;
			productName = homework_24;
			productReference = AB7261A824490DC70063F0BF /* Напоминания.app */;
			productType = "com.apple.product-type.application";
		};
/* End PBXNativeTarget section */

/* Begin PBXProject section */
		AB7261A024490DC70063F0BF /* Project object */ = {
			isa = PBXProject;
			attributes = {
				LastSwiftUpdateCheck = 1130;
				LastUpgradeCheck = 1130;
				ORGANIZATIONNAME = "Alexandra Lesnichaya";
				TargetAttributes = {
					AB7261A724490DC70063F0BF = {
						CreatedOnToolsVersion = 11.3.1;
					};
				};
			};
			buildConfigurationList = AB7261A324490DC70063F0BF /* Build configuration list for PBXProject "homework_24" */;
			compatibilityVersion = "Xcode 9.3";
			developmentRegion = en;
			hasScannedForEncodings = 0;
			knownRegions = (
				en,
				Base,
			);
			mainGroup = AB72619F24490DC70063F0BF;
			productRefGroup = AB7261A924490DC70063F0BF /* Products */;
			projectDirPath = "";
			projectRoot = "";
			targets = (
				AB7261A724490DC70063F0BF /* homework_24 */,
			);
		};
/* End PBXProject section */

/* Begin PBXResourcesBuildPhase section */
		AB7261A624490DC70063F0BF /* Resources */ = {
			isa = PBXResourcesBuildPhase;
			buildActionMask = 2147483647;
			files = (
				AB7261B824490DC80063F0BF /* LaunchScreen.storyboard in Resources */,
				AB7261B524490DC80063F0BF /* Assets.xcassets in Resources */,
				AB7261B324490DC70063F0BF /* Main.storyboard in Resources */,
			);
			runOnlyForDeploymentPostprocessing = 0;
		};
/* End PBXResourcesBuildPhase section */

/* Begin PBXShellScriptBuildPhase section */
		1FAA28C65C4952347DD24BA9 /* [CP] Check Pods Manifest.lock */ = {
			isa = PBXShellScriptBuildPhase;
			buildActionMask = 2147483647;
			files = (
			);
			inputFileListPaths = (
			);
			inputPaths = (
				"${PODS_PODFILE_DIR_PATH}/Podfile.lock",
				"${PODS_ROOT}/Manifest.lock",
			);
			name = "[CP] Check Pods Manifest.lock";
			outputFileListPaths = (
			);
			outputPaths = (
				"$(DERIVED_FILE_DIR)/Pods-homework_24-checkManifestLockResult.txt",
			);
			runOnlyForDeploymentPostprocessing = 0;
			shellPath = /bin/sh;
			shellScript = "diff \"${PODS_PODFILE_DIR_PATH}/Podfile.lock\" \"${PODS_ROOT}/Manifest.lock\" > /dev/null\nif [ $? != 0 ] ; then\n    # print error to STDERR\n    echo \"error: The sandbox is not in sync with the Podfile.lock. Run 'pod install' or update your CocoaPods installation.\" >&2\n    exit 1\nfi\n# This output is used by Xcode 'outputs' to avoid re-running this script phase.\necho \"SUCCESS\" > \"${SCRIPT_OUTPUT_FILE_0}\"\n";
			showEnvVarsInLog = 0;
		};
		EF0D0954D364739BCE580C45 /* [CP] Embed Pods Frameworks */ = {
			isa = PBXShellScriptBuildPhase;
			buildActionMask = 2147483647;
			files = (
			);
			inputFileListPaths = (
				"${PODS_ROOT}/Target Support Files/Pods-homework_24/Pods-homework_24-frameworks-${CONFIGURATION}-input-files.xcfilelist",
			);
			name = "[CP] Embed Pods Frameworks";
			outputFileListPaths = (
				"${PODS_ROOT}/Target Support Files/Pods-homework_24/Pods-homework_24-frameworks-${CONFIGURATION}-output-files.xcfilelist",
			);
			runOnlyForDeploymentPostprocessing = 0;
			shellPath = /bin/sh;
			shellScript = "\"${PODS_ROOT}/Target Support Files/Pods-homework_24/Pods-homework_24-frameworks.sh\"\n";
			showEnvVarsInLog = 0;
		};
/* End PBXShellScriptBuildPhase section */

/* Begin PBXSourcesBuildPhase section */
		AB7261A424490DC70063F0BF /* Sources */ = {
			isa = PBXSourcesBuildPhase;
			buildActionMask = 2147483647;
			files = (
				AB7F34FB24771D7B00C07C60 /* FirstTableViewCell.swift in Sources */,
				AB7F34FD24771D9F00C07C60 /* SecondTableViewCell.swift in Sources */,
				AB558ACD2454CAE00069FB40 /* MainTableViewCell.swift in Sources */,
				AB7F3503247AFFCC00C07C60 /* PriorityDetailViewController.swift in Sources */,
				AB7F34FF24771DBB00C07C60 /* ThirdTableViewCell.swift in Sources */,
				AB558ACF2454CD0F0069FB40 /* ReminderInfo.swift in Sources */,
				AB7261B024490DC70063F0BF /* MainViewController.swift in Sources */,
				AB7261AC24490DC70063F0BF /* AppDelegate.swift in Sources */,
				AB7261AE24490DC70063F0BF /* SceneDelegate.swift in Sources */,
				AB7F3507247B020400C07C60 /* PriorityDetailTableViewCell.swift in Sources */,
				AB7F34F9245762D200C07C60 /* InfoViewController.swift in Sources */,
				AB558AD12454D1200069FB40 /* UIViewController+Helpers.swift in Sources */,
				AB7F350124771DD000C07C60 /* FourthTableViewCell.swift in Sources */,
			);
			runOnlyForDeploymentPostprocessing = 0;
		};
/* End PBXSourcesBuildPhase section */

/* Begin PBXVariantGroup section */
		AB7261B124490DC70063F0BF /* Main.storyboard */ = {
			isa = PBXVariantGroup;
			children = (
				AB7261B224490DC70063F0BF /* Base */,
			);
			name = Main.storyboard;
			sourceTree = "<group>";
		};
		AB7261B624490DC80063F0BF /* LaunchScreen.storyboard */ = {
			isa = PBXVariantGroup;
			children = (
				AB7261B724490DC80063F0BF /* Base */,
			);
			name = LaunchScreen.storyboard;
			sourceTree = "<group>";
		};
/* End PBXVariantGroup section */

/* Begin XCBuildConfiguration section */
		AB7261BA24490DC80063F0BF /* Debug */ = {
			isa = XCBuildConfiguration;
			buildSettings = {
				ALWAYS_SEARCH_USER_PATHS = NO;
				CLANG_ANALYZER_NONNULL = YES;
				CLANG_ANALYZER_NUMBER_OBJECT_CONVERSION = YES_AGGRESSIVE;
				CLANG_CXX_LANGUAGE_STANDARD = "gnu++14";
				CLANG_CXX_LIBRARY = "libc++";
				CLANG_ENABLE_MODULES = YES;
				CLANG_ENABLE_OBJC_ARC = YES;
				CLANG_ENABLE_OBJC_WEAK = YES;
				CLANG_WARN_BLOCK_CAPTURE_AUTORELEASING = YES;
				CLANG_WARN_BOOL_CONVERSION = YES;
				CLANG_WARN_COMMA = YES;
				CLANG_WARN_CONSTANT_CONVERSION = YES;
				CLANG_WARN_DEPRECATED_OBJC_IMPLEMENTATIONS = YES;
				CLANG_WARN_DIRECT_OBJC_ISA_USAGE = YES_ERROR;
				CLANG_WARN_DOCUMENTATION_COMMENTS = YES;
				CLANG_WARN_EMPTY_BODY = YES;
				CLANG_WARN_ENUM_CONVERSION = YES;
				CLANG_WARN_INFINITE_RECURSION = YES;
				CLANG_WARN_INT_CONVERSION = YES;
				CLANG_WARN_NON_LITERAL_NULL_CONVERSION = YES;
				CLANG_WARN_OBJC_IMPLICIT_RETAIN_SELF = YES;
				CLANG_WARN_OBJC_LITERAL_CONVERSION = YES;
				CLANG_WARN_OBJC_ROOT_CLASS = YES_ERROR;
				CLANG_WARN_RANGE_LOOP_ANALYSIS = YES;
				CLANG_WARN_STRICT_PROTOTYPES = YES;
				CLANG_WARN_SUSPICIOUS_MOVE = YES;
				CLANG_WARN_UNGUARDED_AVAILABILITY = YES_AGGRESSIVE;
				CLANG_WARN_UNREACHABLE_CODE = YES;
				CLANG_WARN__DUPLICATE_METHOD_MATCH = YES;
				COPY_PHASE_STRIP = NO;
				DEBUG_INFORMATION_FORMAT = dwarf;
				ENABLE_STRICT_OBJC_MSGSEND = YES;
				ENABLE_TESTABILITY = YES;
				GCC_C_LANGUAGE_STANDARD = gnu11;
				GCC_DYNAMIC_NO_PIC = NO;
				GCC_NO_COMMON_BLOCKS = YES;
				GCC_OPTIMIZATION_LEVEL = 0;
				GCC_PREPROCESSOR_DEFINITIONS = (
					"DEBUG=1",
					"$(inherited)",
				);
				GCC_WARN_64_TO_32_BIT_CONVERSION = YES;
				GCC_WARN_ABOUT_RETURN_TYPE = YES_ERROR;
				GCC_WARN_UNDECLARED_SELECTOR = YES;
				GCC_WARN_UNINITIALIZED_AUTOS = YES_AGGRESSIVE;
				GCC_WARN_UNUSED_FUNCTION = YES;
				GCC_WARN_UNUSED_VARIABLE = YES;
				IPHONEOS_DEPLOYMENT_TARGET = 13.2;
				MTL_ENABLE_DEBUG_INFO = INCLUDE_SOURCE;
				MTL_FAST_MATH = YES;
				ONLY_ACTIVE_ARCH = YES;
				SDKROOT = iphoneos;
				SWIFT_ACTIVE_COMPILATION_CONDITIONS = DEBUG;
				SWIFT_OPTIMIZATION_LEVEL = "-Onone";
			};
			name = Debug;
		};
		AB7261BB24490DC80063F0BF /* Release */ = {
			isa = XCBuildConfiguration;
			buildSettings = {
				ALWAYS_SEARCH_USER_PATHS = NO;
				CLANG_ANALYZER_NONNULL = YES;
				CLANG_ANALYZER_NUMBER_OBJECT_CONVERSION = YES_AGGRESSIVE;
				CLANG_CXX_LANGUAGE_STANDARD = "gnu++14";
				CLANG_CXX_LIBRARY = "libc++";
				CLANG_ENABLE_MODULES = YES;
				CLANG_ENABLE_OBJC_ARC = YES;
				CLANG_ENABLE_OBJC_WEAK = YES;
				CLANG_WARN_BLOCK_CAPTURE_AUTORELEASING = YES;
				CLANG_WARN_BOOL_CONVERSION = YES;
				CLANG_WARN_COMMA = YES;
				CLANG_WARN_CONSTANT_CONVERSION = YES;
				CLANG_WARN_DEPRECATED_OBJC_IMPLEMENTATIONS = YES;
				CLANG_WARN_DIRECT_OBJC_ISA_USAGE = YES_ERROR;
				CLANG_WARN_DOCUMENTATION_COMMENTS = YES;
				CLANG_WARN_EMPTY_BODY = YES;
				CLANG_WARN_ENUM_CONVERSION = YES;
				CLANG_WARN_INFINITE_RECURSION = YES;
				CLANG_WARN_INT_CONVERSION = YES;
				CLANG_WARN_NON_LITERAL_NULL_CONVERSION = YES;
				CLANG_WARN_OBJC_IMPLICIT_RETAIN_SELF = YES;
				CLANG_WARN_OBJC_LITERAL_CONVERSION = YES;
				CLANG_WARN_OBJC_ROOT_CLASS = YES_ERROR;
				CLANG_WARN_RANGE_LOOP_ANALYSIS = YES;
				CLANG_WARN_STRICT_PROTOTYPES = YES;
				CLANG_WARN_SUSPICIOUS_MOVE = YES;
				CLANG_WARN_UNGUARDED_AVAILABILITY = YES_AGGRESSIVE;
				CLANG_WARN_UNREACHABLE_CODE = YES;
				CLANG_WARN__DUPLICATE_METHOD_MATCH = YES;
				COPY_PHASE_STRIP = NO;
				DEBUG_INFORMATION_FORMAT = "dwarf-with-dsym";
				ENABLE_NS_ASSERTIONS = NO;
				ENABLE_STRICT_OBJC_MSGSEND = YES;
				GCC_C_LANGUAGE_STANDARD = gnu11;
				GCC_NO_COMMON_BLOCKS = YES;
				GCC_WARN_64_TO_32_BIT_CONVERSION = YES;
				GCC_WARN_ABOUT_RETURN_TYPE = YES_ERROR;
				GCC_WARN_UNDECLARED_SELECTOR = YES;
				GCC_WARN_UNINITIALIZED_AUTOS = YES_AGGRESSIVE;
				GCC_WARN_UNUSED_FUNCTION = YES;
				GCC_WARN_UNUSED_VARIABLE = YES;
				IPHONEOS_DEPLOYMENT_TARGET = 13.2;
				MTL_ENABLE_DEBUG_INFO = NO;
				MTL_FAST_MATH = YES;
				SDKROOT = iphoneos;
				SWIFT_COMPILATION_MODE = wholemodule;
				SWIFT_OPTIMIZATION_LEVEL = "-O";
				VALIDATE_PRODUCT = YES;
			};
			name = Release;
		};
		AB7261BD24490DC80063F0BF /* Debug */ = {
			isa = XCBuildConfiguration;
			baseConfigurationReference = C687E52A011B17A0507B4D71 /* Pods-homework_24.debug.xcconfig */;
			buildSettings = {
				ASSETCATALOG_COMPILER_APPICON_NAME = AppIcon;
				CODE_SIGN_STYLE = Automatic;
				INFOPLIST_FILE = homework_24/Info.plist;
				LD_RUNPATH_SEARCH_PATHS = (
					"$(inherited)",
					"@executable_path/Frameworks",
				);
				PRODUCT_BUNDLE_IDENTIFIER = "-------------------.homework-24";
				PRODUCT_NAME = "Напоминания";
				SWIFT_VERSION = 5.0;
				TARGETED_DEVICE_FAMILY = "1,2";
			};
			name = Debug;
		};
		AB7261BE24490DC80063F0BF /* Release */ = {
			isa = XCBuildConfiguration;
			baseConfigurationReference = E5C3AB941B7BC6816C23FA2E /* Pods-homework_24.release.xcconfig */;
			buildSettings = {
				ASSETCATALOG_COMPILER_APPICON_NAME = AppIcon;
				CODE_SIGN_STYLE = Automatic;
				INFOPLIST_FILE = homework_24/Info.plist;
				LD_RUNPATH_SEARCH_PATHS = (
					"$(inherited)",
					"@executable_path/Frameworks",
				);
				PRODUCT_BUNDLE_IDENTIFIER = "-------------------.homework-24";
				PRODUCT_NAME = "Напоминания";
				SWIFT_VERSION = 5.0;
				TARGETED_DEVICE_FAMILY = "1,2";
			};
			name = Release;
		};
/* End XCBuildConfiguration section */

/* Begin XCConfigurationList section */
		AB7261A324490DC70063F0BF /* Build configuration list for PBXProject "homework_24" */ = {
			isa = XCConfigurationList;
			buildConfigurations = (
				AB7261BA24490DC80063F0BF /* Debug */,
				AB7261BB24490DC80063F0BF /* Release */,
			);
			defaultConfigurationIsVisible = 0;
			defaultConfigurationName = Release;
		};
		AB7261BC24490DC80063F0BF /* Build configuration list for PBXNativeTarget "homework_24" */ = {
			isa = XCConfigurationList;
			buildConfigurations = (
				AB7261BD24490DC80063F0BF /* Debug */,
				AB7261BE24490DC80063F0BF /* Release */,
			);
			defaultConfigurationIsVisible = 0;
			defaultConfigurationName = Release;
		};
/* End XCConfigurationList section */
	};
	rootObject = AB7261A024490DC70063F0BF /* Project object */;
}
